{
  "name": "screenpriv",
  "version": "1.0.0",
  "lockfileVersion": 3,
  "requires": true,
  "packages": {
    "": {
      "name": "screenpriv",
      "version": "1.0.0",
      "license": "ISC",
      "dependencies": {
        "desktop-use": "^1.0.4"
      }
    },
    "node_modules/desktop-use": {
      "version": "1.0.4",
      "resolved": "https://registry.npmjs.org/desktop-use/-/desktop-use-1.0.4.tgz",
      "integrity": "sha512-oU64SWiTNX4IrPHoohHW/0DUpITp04RbE0sL3QyfBjFDSqEEHLNha17c8EpkS4zsV/9/kVObMJlU+7RCkdEpoQ==",
      "license": "ISC"
    }
  }
}
